<?xml version="1.0" encoding="utf-8"?>
<Project ToolsVersion="4.0" xmlns="http://schemas.microsoft.com/developer/msbuild/2003">
  <ItemGroup>
    <Filter Include="리소스 파일">
      <UniqueIdentifier>{67DA6AB6-F800-4c08-8B7A-83BB121AAD01}</UniqueIdentifier>
      <Extensions>rc;ico;cur;bmp;dlg;rc2;rct;bin;rgs;gif;jpg;jpeg;jpe;resx;tiff;tif;png;wav;mfcribbon-ms</Extensions>
    </Filter>
    <Filter Include="IMGUI">
      <UniqueIdentifier>{e0018886-5cdf-4918-8829-6cff57fe2937}</UniqueIdentifier>
    </Filter>
    <Filter Include="Default">
      <UniqueIdentifier>{3cb67d24-74d7-4104-a80e-d1acbf1d9e4d}</UniqueIdentifier>
    </Filter>
    <Filter Include="00.ToolApp">
      <UniqueIdentifier>{ac2378c6-f57e-4c34-94fc-f6af1e5db1cf}</UniqueIdentifier>
    </Filter>
    <Filter Include="99.Define">
      <UniqueIdentifier>{af3a2840-b817-4058-86c8-21f26a628eff}</UniqueIdentifier>
    </Filter>
    <Filter Include="IMGUI\ImguiWindows">
      <UniqueIdentifier>{05bb986f-436b-4726-9484-b131545326c8}</UniqueIdentifier>
    </Filter>
    <Filter Include="01.Levels">
      <UniqueIdentifier>{acee4567-d83a-4a13-83e2-49a2d289cb36}</UniqueIdentifier>
    </Filter>
    <Filter Include="IMGUI\ImguiWindows\LogWindow">
      <UniqueIdentifier>{c59a0644-0669-46f4-85cc-f848368fd9ad}</UniqueIdentifier>
    </Filter>
    <Filter Include="IMGUI\ImguiWindows\MainWindow">
      <UniqueIdentifier>{66f5ccc0-62f1-4000-9242-7769549c9588}</UniqueIdentifier>
    </Filter>
    <Filter Include="IMGUI\ImguiWindows\MapWindow">
      <UniqueIdentifier>{f501ef2e-c2f5-4ade-bd37-dd5d04aa53ba}</UniqueIdentifier>
    </Filter>
    <Filter Include="IMGUI\ImguiWindows\ObjectWindow">
      <UniqueIdentifier>{00b33cb3-4a09-4adf-8ca1-606ea0df1b2b}</UniqueIdentifier>
    </Filter>
    <Filter Include="IMGUI\ImguiWindows\UIWindow">
      <UniqueIdentifier>{8e94ff76-3579-4ddc-9dba-f8d0b7a2d51b}</UniqueIdentifier>
    </Filter>
    <Filter Include="02.GameObjects">
      <UniqueIdentifier>{4b3a65b8-c70e-4498-a0dd-1f03521a70eb}</UniqueIdentifier>
    </Filter>
    <Filter Include="IMGUI\ImguiWindows\InspectorWindow">
      <UniqueIdentifier>{a5385099-5ae1-46ab-b4f0-f08450d0e02a}</UniqueIdentifier>
    </Filter>
    <Filter Include="IMGUI\ImguiWindows\Manager">
      <UniqueIdentifier>{1a693915-4420-4295-847a-0a75bf757fc6}</UniqueIdentifier>
    </Filter>
    <Filter Include="02.GameObjects\Camera">
      <UniqueIdentifier>{f4e79a93-1518-4c1e-ae29-c1113f0b6770}</UniqueIdentifier>
    </Filter>
  </ItemGroup>
  <ItemGroup>
    <ResourceCompile Include="Tool.rc">
      <Filter>리소스 파일</Filter>
    </ResourceCompile>
  </ItemGroup>
  <ItemGroup>
    <Image Include="small.ico">
      <Filter>리소스 파일</Filter>
    </Image>
    <Image Include="Tool.ico">
      <Filter>리소스 파일</Filter>
    </Image>
  </ItemGroup>
  <ItemGroup>
    <ClInclude Include="framework.h">
      <Filter>Default</Filter>
    </ClInclude>
    <ClInclude Include="Resource.h">
      <Filter>Default</Filter>
    </ClInclude>
    <ClInclude Include="targetver.h">
      <Filter>Default</Filter>
    </ClInclude>
    <ClInclude Include="Tool.h">
      <Filter>Default</Filter>
    </ClInclude>
    <ClInclude Include="..\public\ToolApp.h">
      <Filter>00.ToolApp</Filter>
    </ClInclude>
    <ClInclude Include="Tool_Defines.h">
      <Filter>99.Define</Filter>
    </ClInclude>
    <ClInclude Include="stdafx.h">
      <Filter>Default</Filter>
    </ClInclude>
    <ClInclude Include="..\public\ImGuiManager.h">
      <Filter>IMGUI\ImguiWindows\Manager</Filter>
    </ClInclude>
    <ClInclude Include="..\public\ImGuiWindow.h">
      <Filter>IMGUI\ImguiWindows</Filter>
    </ClInclude>
    <ClInclude Include="..\public\Level_Tool.h">
      <Filter>01.Levels</Filter>
    </ClInclude>
    <ClInclude Include="..\IMGUI\imconfig.h">
      <Filter>IMGUI</Filter>
    </ClInclude>
    <ClInclude Include="..\IMGUI\imgui.h">
      <Filter>IMGUI</Filter>
    </ClInclude>
    <ClInclude Include="..\IMGUI\imgui_impl_dx11.h">
      <Filter>IMGUI</Filter>
    </ClInclude>
    <ClInclude Include="..\IMGUI\imgui_impl_win32.h">
      <Filter>IMGUI</Filter>
    </ClInclude>
    <ClInclude Include="..\IMGUI\imgui_internal.h">
      <Filter>IMGUI</Filter>
    </ClInclude>
    <ClInclude Include="..\IMGUI\imstb_rectpack.h">
      <Filter>IMGUI</Filter>
    </ClInclude>
    <ClInclude Include="..\IMGUI\imstb_textedit.h">
      <Filter>IMGUI</Filter>
    </ClInclude>
    <ClInclude Include="..\IMGUI\imstb_truetype.h">
      <Filter>IMGUI</Filter>
    </ClInclude>
    <ClInclude Include="..\Public\LogWindow.h">
      <Filter>IMGUI\ImguiWindows\LogWindow</Filter>
    </ClInclude>
    <ClInclude Include="..\public\MainWindow.h">
      <Filter>IMGUI\ImguiWindows\MainWindow</Filter>
    </ClInclude>
    <ClInclude Include="..\Public\MapWindow.h">
      <Filter>IMGUI\ImguiWindows\MapWindow</Filter>
    </ClInclude>
    <ClInclude Include="..\Public\ObjectWindow.h">
      <Filter>IMGUI\ImguiWindows\ObjectWindow</Filter>
    </ClInclude>
    <ClInclude Include="..\Public\UIWindow.h">
      <Filter>IMGUI\ImguiWindows\UIWindow</Filter>
    </ClInclude>
    <ClInclude Include="..\Public\InspectorWindow.h">
      <Filter>IMGUI\ImguiWindows\InspectorWindow</Filter>
    </ClInclude>
    <ClInclude Include="..\Public\DummyObject.h">
      <Filter>02.GameObjects</Filter>
    </ClInclude>
    <ClInclude Include="..\IMGUI\ImGuiFileDialog.h">
      <Filter>IMGUI</Filter>
    </ClInclude>
    <ClInclude Include="..\IMGUI\ImGuiFileDialogConfig.h">
      <Filter>IMGUI</Filter>
    </ClInclude>
    <ClInclude Include="..\Public\Camera_Main.h">
      <Filter>02.GameObjects\Camera</Filter>
    </ClInclude>
  </ItemGroup>
  <ItemGroup>
    <ClCompile Include="Tool.cpp">
      <Filter>Default</Filter>
    </ClCompile>
    <ClCompile Include="..\private\ToolApp.cpp">
      <Filter>00.ToolApp</Filter>
    </ClCompile>
    <ClCompile Include="stdafx.cpp">
      <Filter>Default</Filter>
    </ClCompile>
    <ClCompile Include="..\private\ImGuiManager.cpp">
      <Filter>IMGUI\ImguiWindows\Manager</Filter>
    </ClCompile>
    <ClCompile Include="..\private\ImGuiWindow.cpp">
      <Filter>IMGUI\ImguiWindows</Filter>
    </ClCompile>
    <ClCompile Include="..\private\Level_Tool.cpp">
      <Filter>01.Levels</Filter>
    </ClCompile>
    <ClCompile Include="..\IMGUI\imgui.cpp">
      <Filter>IMGUI</Filter>
    </ClCompile>
    <ClCompile Include="..\IMGUI\imgui_draw.cpp">
      <Filter>IMGUI</Filter>
    </ClCompile>
    <ClCompile Include="..\IMGUI\imgui_impl_dx11.cpp">
      <Filter>IMGUI</Filter>
    </ClCompile>
    <ClCompile Include="..\IMGUI\imgui_impl_win32.cpp">
      <Filter>IMGUI</Filter>
    </ClCompile>
    <ClCompile Include="..\IMGUI\imgui_tables.cpp">
      <Filter>IMGUI</Filter>
    </ClCompile>
    <ClCompile Include="..\IMGUI\imgui_widgets.cpp">
      <Filter>IMGUI</Filter>
    </ClCompile>
    <ClCompile Include="..\Private\LogWindow.cpp">
      <Filter>IMGUI\ImguiWindows\LogWindow</Filter>
    </ClCompile>
    <ClCompile Include="..\private\MainWindow.cpp">
      <Filter>IMGUI\ImguiWindows\MainWindow</Filter>
    </ClCompile>
    <ClCompile Include="..\Private\MapWindow.cpp">
      <Filter>IMGUI\ImguiWindows\MapWindow</Filter>
    </ClCompile>
    <ClCompile Include="..\Private\ObjectWindow.cpp">
      <Filter>IMGUI\ImguiWindows\ObjectWindow</Filter>
    </ClCompile>
    <ClCompile Include="..\Private\UIWindow.cpp">
      <Filter>IMGUI\ImguiWindows\UIWindow</Filter>
    </ClCompile>
    <ClCompile Include="..\Private\InspectorWindow.cpp">
      <Filter>IMGUI\ImguiWindows\InspectorWindow</Filter>
    </ClCompile>
    <ClCompile Include="..\Private\DummyObject.cpp">
      <Filter>02.GameObjects</Filter>
    </ClCompile>
    <ClCompile Include="..\IMGUI\ImGuiFileDialog.cpp">
      <Filter>IMGUI</Filter>
    </ClCompile>
    <ClCompile Include="..\Private\Camera_Main.cpp">
      <Filter>02.GameObjects\Camera</Filter>
    </ClCompile>
  </ItemGroup>
</Project>