<?xml version="1.0" encoding="utf-8"?>
<Project ToolsVersion="4.0" xmlns="http://schemas.microsoft.com/developer/msbuild/2003">
  <ItemGroup>
    <Filter Include="98.Default">
      <UniqueIdentifier>{620a8e63-548b-40d2-88d9-e033cc0956bc}</UniqueIdentifier>
    </Filter>
    <Filter Include="99.Headers">
      <UniqueIdentifier>{e296279c-e36e-4a6f-bef1-dc56aa576244}</UniqueIdentifier>
    </Filter>
    <Filter Include="00.MainApp">
      <UniqueIdentifier>{00740b1c-55d6-4e82-b855-95dd954aaca4}</UniqueIdentifier>
    </Filter>
    <Filter Include="01.Levels">
      <UniqueIdentifier>{e8dd5e37-2d28-4072-8024-d7c7205b6a36}</UniqueIdentifier>
    </Filter>
    <Filter Include="01.Levels\00.Logo">
      <UniqueIdentifier>{a92dd234-2c7c-4318-80ba-50b9dda59d9a}</UniqueIdentifier>
    </Filter>
    <Filter Include="01.Levels\01.GamePlay">
      <UniqueIdentifier>{52662b9e-191d-42d5-b89f-13b461e8e686}</UniqueIdentifier>
    </Filter>
    <Filter Include="01.Levels\99.Loading">
      <UniqueIdentifier>{01751565-b206-4fbc-9ca6-0c6946e30304}</UniqueIdentifier>
    </Filter>
    <Filter Include="01.Levels\99.Loading\Loader">
      <UniqueIdentifier>{dc713b94-ebd9-4fed-9e88-7278f04093af}</UniqueIdentifier>
    </Filter>
    <Filter Include="02.GameObjects">
      <UniqueIdentifier>{1c307f09-fe18-48c6-ae48-c3c7db668249}</UniqueIdentifier>
    </Filter>
    <Filter Include="02.GameObjects\BackGround">
      <UniqueIdentifier>{fd2e38c0-0c41-4b32-af71-e8ca36838412}</UniqueIdentifier>
    </Filter>
    <Filter Include="97.ShaderFiles">
      <UniqueIdentifier>{95badedd-e1ca-44cf-9b58-ed624743125f}</UniqueIdentifier>
    </Filter>
    <Filter Include="02.GameObjects\Camera">
      <UniqueIdentifier>{970e884c-f545-432d-9493-5ebbb6b896a5}</UniqueIdentifier>
    </Filter>
    <Filter Include="02.GameObjects\Terrain">
      <UniqueIdentifier>{629dd8df-dbf8-4782-9da8-2cb811de838d}</UniqueIdentifier>
    </Filter>
    <Filter Include="02.GameObjects\Camera\FreeCam">
      <UniqueIdentifier>{2540757b-fa0b-4298-a299-9f0d328edfdc}</UniqueIdentifier>
    </Filter>
    <Filter Include="02.GameObjects\Camera\PlayerCam">
      <UniqueIdentifier>{db3325dd-2c02-4e36-aaaa-0e280a398ae3}</UniqueIdentifier>
    </Filter>
    <Filter Include="02.GameObjects\Creatures">
      <UniqueIdentifier>{16b54430-71ca-44e7-90f5-8e89d157a97e}</UniqueIdentifier>
    </Filter>
    <Filter Include="02.GameObjects\Creatures\Horse">
      <UniqueIdentifier>{bd46f027-933d-4bc2-8f6f-0d32fbd09f17}</UniqueIdentifier>
    </Filter>
    <Filter Include="02.GameObjects\Creatures\Player">
      <UniqueIdentifier>{687b3eec-a957-4eb8-bcff-73a55704976d}</UniqueIdentifier>
    </Filter>
    <Filter Include="02.GameObjects\Creatures\Player\Parts">
      <UniqueIdentifier>{cb42d30d-702e-4f84-93de-d734bb6aae7f}</UniqueIdentifier>
    </Filter>
    <Filter Include="02.GameObjects\Creatures\Player\Parts\Weapon">
      <UniqueIdentifier>{69573494-ff1f-4ba5-859d-6030f8f4869e}</UniqueIdentifier>
    </Filter>
    <Filter Include="03.Components">
      <UniqueIdentifier>{d123df29-20b1-48dd-9131-0afd9388b664}</UniqueIdentifier>
    </Filter>
    <Filter Include="03.Components\Task">
      <UniqueIdentifier>{2cb2a5c7-a2a2-4270-bc02-711d0fbb1367}</UniqueIdentifier>
    </Filter>
    <Filter Include="02.GameObjects\Creatures\Monster">
      <UniqueIdentifier>{39fb96ae-307a-4ec9-966b-923216c83606}</UniqueIdentifier>
    </Filter>
    <Filter Include="02.GameObjects\SkyBox">
      <UniqueIdentifier>{e194f5f7-a53a-4b3b-b16b-88cc45dac25e}</UniqueIdentifier>
    </Filter>
  </ItemGroup>
  <ItemGroup>
    <Text Include="ReadMe.txt" />
  </ItemGroup>
  <ItemGroup>
    <ClInclude Include="Client.h">
      <Filter>98.Default</Filter>
    </ClInclude>
    <ClInclude Include="Resource.h">
      <Filter>98.Default</Filter>
    </ClInclude>
    <ClInclude Include="stdafx.h">
      <Filter>98.Default</Filter>
    </ClInclude>
    <ClInclude Include="targetver.h">
      <Filter>98.Default</Filter>
    </ClInclude>
    <ClInclude Include="..\public\MainApp.h">
      <Filter>00.MainApp</Filter>
    </ClInclude>
    <ClInclude Include="..\Public\Client_Defines.h">
      <Filter>99.Headers</Filter>
    </ClInclude>
    <ClInclude Include="..\public\Level_Logo.h">
      <Filter>01.Levels\00.Logo</Filter>
    </ClInclude>
    <ClInclude Include="..\Public\Level_Loading.h">
      <Filter>01.Levels\99.Loading</Filter>
    </ClInclude>
    <ClInclude Include="..\public\Loader.h">
      <Filter>01.Levels\99.Loading\Loader</Filter>
    </ClInclude>
    <ClInclude Include="..\public\BackGround.h">
      <Filter>02.GameObjects\BackGround</Filter>
    </ClInclude>
    <ClInclude Include="..\Public\Level_GamePlay.h">
      <Filter>01.Levels\01.GamePlay</Filter>
    </ClInclude>
    <ClInclude Include="..\Public\Camera_Free.h">
      <Filter>02.GameObjects\Camera\FreeCam</Filter>
    </ClInclude>
    <ClInclude Include="..\Public\Terrain.h">
      <Filter>02.GameObjects\Terrain</Filter>
    </ClInclude>
    <ClInclude Include="..\Public\CubeObject.h">
      <Filter>02.GameObjects\SkyBox</Filter>
    </ClInclude>
    <ClInclude Include="..\Public\Player.h">
      <Filter>02.GameObjects\Creatures\Player</Filter>
    </ClInclude>
    <ClInclude Include="..\public\Camera_Player_Main.h">
      <Filter>02.GameObjects\Camera\PlayerCam</Filter>
    </ClInclude>
    <ClInclude Include="..\public\PlayerHead.h">
      <Filter>02.GameObjects\Creatures\Player\Parts</Filter>
    </ClInclude>
    <ClInclude Include="..\public\Weapon.h">
      <Filter>02.GameObjects\Creatures\Player\Parts\Weapon</Filter>
    </ClInclude>
    <ClInclude Include="..\Public\Mace.h">
      <Filter>02.GameObjects\Creatures\Player\Parts\Weapon</Filter>
    </ClInclude>
    <ClInclude Include="..\Public\Axe.h">
      <Filter>02.GameObjects\Creatures\Player\Parts\Weapon</Filter>
    </ClInclude>
    <ClInclude Include="..\Public\Slasher.h">
      <Filter>02.GameObjects\Creatures\Player\Parts\Weapon</Filter>
    </ClInclude>
    <ClInclude Include="..\Public\Hand.h">
      <Filter>02.GameObjects\Creatures\Player\Parts\Weapon</Filter>
    </ClInclude>
    <ClInclude Include="..\Public\Horse.h">
      <Filter>02.GameObjects\Creatures\Horse</Filter>
    </ClInclude>
    <ClInclude Include="..\public\Creature.h">
      <Filter>02.GameObjects\Creatures</Filter>
    </ClInclude>
    <ClInclude Include="..\Public\PlayerParts.h">
      <Filter>02.GameObjects\Creatures\Player\Parts</Filter>
    </ClInclude>
    <ClInclude Include="..\public\Monster.h">
      <Filter>02.GameObjects\Creatures\Monster</Filter>
    </ClInclude>
    <ClInclude Include="..\public\Task_LookAt.h">
      <Filter>03.Components\Task</Filter>
    </ClInclude>
    <ClInclude Include="..\Public\Paladin.h">
      <Filter>02.GameObjects\Creatures\Monster</Filter>
    </ClInclude>
    <ClInclude Include="..\Public\Task_MoveForward.h">
      <Filter>03.Components\Task</Filter>
    </ClInclude>
    <ClInclude Include="..\Public\Task_Wait.h">
      <Filter>03.Components\Task</Filter>
    </ClInclude>
    <ClInclude Include="..\Public\Task_FollowTarget.h">
      <Filter>03.Components\Task</Filter>
    </ClInclude>
    <ClInclude Include="..\Bin\ShaderFiles\Shader_Client_Defines.hpp">
      <Filter>97.ShaderFiles</Filter>
    </ClInclude>
    <ClInclude Include="..\Public\Task_Attack1.h">
      <Filter>03.Components\Task</Filter>
    </ClInclude>
    <ClInclude Include="..\Public\Task_RandomMove.h">
      <Filter>03.Components\Task</Filter>
    </ClInclude>
    <ClInclude Include="..\Public\Sword.h">
      <Filter>02.GameObjects\Creatures\Player\Parts\Weapon</Filter>
    </ClInclude>
  </ItemGroup>
  <ItemGroup>
    <ClCompile Include="Client.cpp">
      <Filter>98.Default</Filter>
    </ClCompile>
    <ClCompile Include="stdafx.cpp">
      <Filter>98.Default</Filter>
    </ClCompile>
    <ClCompile Include="..\private\MainApp.cpp">
      <Filter>00.MainApp</Filter>
    </ClCompile>
    <ClCompile Include="..\private\Level_Logo.cpp">
      <Filter>01.Levels\00.Logo</Filter>
    </ClCompile>
    <ClCompile Include="..\Private\Level_Loading.cpp">
      <Filter>01.Levels\99.Loading</Filter>
    </ClCompile>
    <ClCompile Include="..\private\Loader.cpp">
      <Filter>01.Levels\99.Loading\Loader</Filter>
    </ClCompile>
    <ClCompile Include="..\private\BackGround.cpp">
      <Filter>02.GameObjects\BackGround</Filter>
    </ClCompile>
    <ClCompile Include="..\Private\Level_GamePlay.cpp">
      <Filter>01.Levels\01.GamePlay</Filter>
    </ClCompile>
    <ClCompile Include="..\Private\Camera_Free.cpp">
      <Filter>02.GameObjects\Camera\FreeCam</Filter>
    </ClCompile>
    <ClCompile Include="..\Private\Terrain.cpp">
      <Filter>02.GameObjects\Terrain</Filter>
    </ClCompile>
    <ClCompile Include="..\Private\CubeObject.cpp">
      <Filter>02.GameObjects\SkyBox</Filter>
    </ClCompile>
    <ClCompile Include="..\Private\Player.cpp">
      <Filter>02.GameObjects\Creatures\Player</Filter>
    </ClCompile>
    <ClCompile Include="..\private\Camera_Player_Main.cpp">
      <Filter>02.GameObjects\Camera\PlayerCam</Filter>
    </ClCompile>
    <ClCompile Include="..\private\PlayerHead.cpp">
      <Filter>02.GameObjects\Creatures\Player\Parts</Filter>
    </ClCompile>
    <ClCompile Include="..\private\Weapon.cpp">
      <Filter>02.GameObjects\Creatures\Player\Parts\Weapon</Filter>
    </ClCompile>
    <ClCompile Include="..\Private\Mace.cpp">
      <Filter>02.GameObjects\Creatures\Player\Parts\Weapon</Filter>
    </ClCompile>
    <ClCompile Include="..\Private\Axe.cpp">
      <Filter>02.GameObjects\Creatures\Player\Parts\Weapon</Filter>
    </ClCompile>
    <ClCompile Include="..\Private\Slasher.cpp">
      <Filter>02.GameObjects\Creatures\Player\Parts\Weapon</Filter>
    </ClCompile>
    <ClCompile Include="..\Private\Hand.cpp">
      <Filter>02.GameObjects\Creatures\Player\Parts\Weapon</Filter>
    </ClCompile>
    <ClCompile Include="..\Private\Horse.cpp">
      <Filter>02.GameObjects\Creatures\Horse</Filter>
    </ClCompile>
    <ClCompile Include="..\private\Creature.cpp">
      <Filter>02.GameObjects\Creatures</Filter>
    </ClCompile>
    <ClCompile Include="..\Private\PlayerParts.cpp">
      <Filter>02.GameObjects\Creatures\Player\Parts</Filter>
    </ClCompile>
    <ClCompile Include="..\private\Monster.cpp">
      <Filter>02.GameObjects\Creatures\Monster</Filter>
    </ClCompile>
    <ClCompile Include="..\private\Task_LookAt.cpp">
      <Filter>03.Components\Task</Filter>
    </ClCompile>
    <ClCompile Include="..\Private\Paladin.cpp">
      <Filter>02.GameObjects\Creatures\Monster</Filter>
    </ClCompile>
    <ClCompile Include="..\Private\Task_MoveForward.cpp">
      <Filter>03.Components\Task</Filter>
    </ClCompile>
    <ClCompile Include="..\Private\Task_Wait.cpp">
      <Filter>03.Components\Task</Filter>
    </ClCompile>
    <ClCompile Include="..\Private\Task_FollowTarget.cpp">
      <Filter>03.Components\Task</Filter>
    </ClCompile>
    <ClCompile Include="..\Private\Task_Attack1.cpp">
      <Filter>03.Components\Task</Filter>
    </ClCompile>
    <ClCompile Include="..\Private\Task_RandomMove.cpp">
      <Filter>03.Components\Task</Filter>
    </ClCompile>
    <ClCompile Include="..\Private\Sword.cpp">
      <Filter>02.GameObjects\Creatures\Player\Parts\Weapon</Filter>
    </ClCompile>
  </ItemGroup>
  <ItemGroup>
    <Image Include="Client.ico">
      <Filter>98.Default</Filter>
    </Image>
    <Image Include="small.ico">
      <Filter>98.Default</Filter>
    </Image>
  </ItemGroup>
  <ItemGroup>
    <ResourceCompile Include="Client.rc">
      <Filter>98.Default</Filter>
    </ResourceCompile>
  </ItemGroup>
  <ItemGroup>
    <FxCompile Include="..\Bin\ShaderFiles\Shader_Vtxtex.hlsl">
      <Filter>97.ShaderFiles</Filter>
    </FxCompile>
    <FxCompile Include="..\Bin\ShaderFiles\Shader_VtxNorTex.hlsl">
      <Filter>97.ShaderFiles</Filter>
    </FxCompile>
    <FxCompile Include="..\Bin\ShaderFiles\Shader_VtxTexCube.hlsl">
      <Filter>97.ShaderFiles</Filter>
    </FxCompile>
    <FxCompile Include="..\Bin\ShaderFiles\Shader_VtxMesh.hlsl">
      <Filter>97.ShaderFiles</Filter>
    </FxCompile>
    <FxCompile Include="..\Bin\ShaderFiles\Shader_VtxAnimMesh.hlsl">
      <Filter>97.ShaderFiles</Filter>
    </FxCompile>
  </ItemGroup>
</Project>